// !$*UTF8*$!
{
	archiveVersion = 1;
	classes = {
	};
	objectVersion = 77;
	objects = {

/* Begin PBXBuildFile section */
		CE366BD42D78704C0088615E /* CombineMoya in Frameworks */ = {isa = PBXBuildFile; productRef = CE366BD32D78704C0088615E /* CombineMoya */; };
		CE366BD62D78704C0088615E /* Moya in Frameworks */ = {isa = PBXBuildFile; productRef = CE366BD52D78704C0088615E /* Moya */; };
		CE491C412D78777400B2ABC7 /* RealityKitContent in Frameworks */ = {isa = PBXBuildFile; productRef = CE957A8A2D771FBE005BC4BD /* RealityKitContent */; };
		CE491D7A2D796A2300B2ABC7 /* QRCode in Frameworks */ = {isa = PBXBuildFile; productRef = CE491D792D796A2300B2ABC7 /* QRCode */; };
		CE957A922D7721A9005BC4BD /* RealityKitContent in Frameworks */ = {isa = PBXBuildFile; productRef = CE957A912D7721A9005BC4BD /* RealityKitContent */; };
		CE957A952D7721DC005BC4BD /* CodeScanner in Frameworks */ = {isa = PBXBuildFile; productRef = CE957A942D7721DC005BC4BD /* CodeScanner */; };
		CE957A982D7721EF005BC4BD /* FocusEntity in Frameworks */ = {isa = PBXBuildFile; productRef = CE957A972D7721EF005BC4BD /* FocusEntity */; };
		CE957A9B2D772240005BC4BD /* CombineMoya in Frameworks */ = {isa = PBXBuildFile; productRef = CE957A9A2D772240005BC4BD /* CombineMoya */; };
		CE957A9D2D772240005BC4BD /* Moya in Frameworks */ = {isa = PBXBuildFile; productRef = CE957A9C2D772240005BC4BD /* Moya */; };
		CE957AA52D7723CF005BC4BD /* QRCode in Frameworks */ = {isa = PBXBuildFile; productRef = CE957AA42D7723CF005BC4BD /* QRCode */; };
		CEBEE8C62D91996E001D820C /* Nuke in Frameworks */ = {isa = PBXBuildFile; productRef = CEBEE8C52D91996E001D820C /* Nuke */; };
		CEBEE8C82D91996E001D820C /* NukeUI in Frameworks */ = {isa = PBXBuildFile; productRef = CEBEE8C72D91996E001D820C /* NukeUI */; };
		CEBEE8CA2D919987001D820C /* Nuke in Frameworks */ = {isa = PBXBuildFile; productRef = CEBEE8C92D919987001D820C /* Nuke */; };
		CEBEE8CC2D919987001D820C /* NukeUI in Frameworks */ = {isa = PBXBuildFile; productRef = CEBEE8CB2D919987001D820C /* NukeUI */; };
/* End PBXBuildFile section */

/* Begin PBXFileReference section */
		2489E2D42D4BB97A00BBDB34 /* ARLook.app */ = {isa = PBXFileReference; explicitFileType = wrapper.application; includeInIndex = 0; path = ARLook.app; sourceTree = BUILT_PRODUCTS_DIR; };
		CE957A722D771910005BC4BD /* ARLookVision.app */ = {isa = PBXFileReference; explicitFileType = wrapper.application; includeInIndex = 0; path = ARLookVision.app; sourceTree = BUILT_PRODUCTS_DIR; };
/* End PBXFileReference section */

/* Begin PBXFileSystemSynchronizedBuildFileExceptionSet section */
		2489E2E62D4BCC4800BBDB34 /* Exceptions for "ARLook" folder in "ARLook" target */ = {
			isa = PBXFileSystemSynchronizedBuildFileExceptionSet;
			membershipExceptions = (
				Info.plist,
			);
			target = 2489E2D32D4BB97A00BBDB34 /* ARLook */;
		};
		CE957A822D771912005BC4BD /* Exceptions for "ARLookVision" folder in "ARLookVision" target */ = {
			isa = PBXFileSystemSynchronizedBuildFileExceptionSet;
			membershipExceptions = (
				Info.plist,
			);
			target = CE957A712D771910005BC4BD /* ARLookVision */;
		};
		CEF4DB2A2D7829D000BE186B /* Exceptions for "ARLook" folder in "ARLookVision" target */ = {
			isa = PBXFileSystemSynchronizedBuildFileExceptionSet;
			membershipExceptions = (
				App/AppCore/AppController.swift,
				App/AppCore/Constant.swift,
				App/AppCore/Env.swift,
				App/AppCore/Localizable.xcstrings,
				"App/Extensions/Color+Ext.swift",
				"App/Extensions/Int+Ext.swift",
				"App/Extensions/Optional+Ext.swift",
				"App/Extensions/String+Ext.swift",
				"App/Extensions/UIApplication+Ext.swift",
				"App/Extensions/UIDevice+Ext.swift",
				"App/Extensions/View+Ext.swift",
				App/Helpers/AccentColorType.swift,
				App/Helpers/CustomColorScheme.swift,
				App/Helpers/DocumentPicker.swift,
				App/Helpers/LocString.swift,
				App/Helpers/ModelManager.swift,
				App/Models/Model.swift,
				App/Models/UploadDataModel.swift,
				App/NetworkLayer/EndPoint/ModelEndpoint.swift,
				App/NetworkLayer/Target/NetworkConfiguration.swift,
				App/NetworkLayer/Target/NetworkProvider.swift,
				App/NetworkLayer/Target/TargetType.swift,
				App/Screens/Main/ViewModel/MainViewModel.swift,
				App/Screens/Search/ViewModel/SearchViewModel.swift,
				App/Screens/Settings/View/SettingsScreen.swift,
				App/Screens/Upload/ViewModel/UploadViewModel.swift,
				App/SubViews/Buttons/CircleButton.swift,
				App/SubViews/Buttons/SwitchButton.swift,
				App/SubViews/Picker/ColorPicker.swift,
				App/SubViews/Picker/ImagePicker.swift,
				App/SubViews/ProgressView/ActivityProgressView.swift,
				App/SubViews/ProgressView/CircularProgressView.swift,
				App/SubViews/QRImageScannerView.swift,
				App/SubViews/SegmentedControl.swift,
				App/SubViews/ShareMenuItemsView.swift,
				App/SubViews/TextSizeRow.swift,
				App/SubViews/ThemeRow.swift,
				App/ViewModifiers/CustomColorSchemeViewModifier.swift,
				App/ViewModifiers/DynamicTextModifer.swift,
				App/ViewModifiers/ViewDidLoadModifier.swift,
				Arrow.usdz,
				Assets.xcassets,
			);
			target = CE957A712D771910005BC4BD /* ARLookVision */;
		};
/* End PBXFileSystemSynchronizedBuildFileExceptionSet section */

/* Begin PBXFileSystemSynchronizedRootGroup section */
		2489E2D62D4BB97A00BBDB34 /* ARLook */ = {
			isa = PBXFileSystemSynchronizedRootGroup;
			exceptions = (
				2489E2E62D4BCC4800BBDB34 /* Exceptions for "ARLook" folder in "ARLook" target */,
				CEF4DB2A2D7829D000BE186B /* Exceptions for "ARLook" folder in "ARLookVision" target */,
			);
			path = ARLook;
			sourceTree = "<group>";
		};
		CE957A732D771910005BC4BD /* ARLookVision */ = {
			isa = PBXFileSystemSynchronizedRootGroup;
			exceptions = (
				CE957A822D771912005BC4BD /* Exceptions for "ARLookVision" folder in "ARLookVision" target */,
			);
			path = ARLookVision;
			sourceTree = "<group>";
		};
/* End PBXFileSystemSynchronizedRootGroup section */

/* Begin PBXFrameworksBuildPhase section */
		2489E2D12D4BB97A00BBDB34 /* Frameworks */ = {
			isa = PBXFrameworksBuildPhase;
			buildActionMask = 2147483647;
			files = (
				CE957AA52D7723CF005BC4BD /* QRCode in Frameworks */,
				CEBEE8C82D91996E001D820C /* NukeUI in Frameworks */,
				CE957A982D7721EF005BC4BD /* FocusEntity in Frameworks */,
				CE957A952D7721DC005BC4BD /* CodeScanner in Frameworks */,
				CEBEE8C62D91996E001D820C /* Nuke in Frameworks */,
				CE957A9D2D772240005BC4BD /* Moya in Frameworks */,
				CE957A9B2D772240005BC4BD /* CombineMoya in Frameworks */,
			);
			runOnlyForDeploymentPostprocessing = 0;
		};
		CE957A6F2D771910005BC4BD /* Frameworks */ = {
			isa = PBXFrameworksBuildPhase;
			buildActionMask = 2147483647;
			files = (
				CE491D7A2D796A2300B2ABC7 /* QRCode in Frameworks */,
				CEBEE8CC2D919987001D820C /* NukeUI in Frameworks */,
				CE491C412D78777400B2ABC7 /* RealityKitContent in Frameworks */,
				CE366BD42D78704C0088615E /* CombineMoya in Frameworks */,
				CEBEE8CA2D919987001D820C /* Nuke in Frameworks */,
				CE957A922D7721A9005BC4BD /* RealityKitContent in Frameworks */,
				CE366BD62D78704C0088615E /* Moya in Frameworks */,
			);
			runOnlyForDeploymentPostprocessing = 0;
		};
/* End PBXFrameworksBuildPhase section */

/* Begin PBXGroup section */
		2489E2CB2D4BB97A00BBDB34 = {
			isa = PBXGroup;
			children = (
				2489E2D62D4BB97A00BBDB34 /* ARLook */,
				CE957A732D771910005BC4BD /* ARLookVision */,
				CE366BD22D78704C0088615E /* Frameworks */,
				2489E2D52D4BB97A00BBDB34 /* Products */,
			);
			sourceTree = "<group>";
		};
		2489E2D52D4BB97A00BBDB34 /* Products */ = {
			isa = PBXGroup;
			children = (
				2489E2D42D4BB97A00BBDB34 /* ARLook.app */,
				CE957A722D771910005BC4BD /* ARLookVision.app */,
			);
			name = Products;
			sourceTree = "<group>";
		};
		CE366BD22D78704C0088615E /* Frameworks */ = {
			isa = PBXGroup;
			children = (
			);
			name = Frameworks;
			sourceTree = "<group>";
		};
/* End PBXGroup section */

/* Begin PBXNativeTarget section */
		2489E2D32D4BB97A00BBDB34 /* ARLook */ = {
			isa = PBXNativeTarget;
			buildConfigurationList = 2489E2E22D4BB97C00BBDB34 /* Build configuration list for PBXNativeTarget "ARLook" */;
			buildPhases = (
				2489E2D02D4BB97A00BBDB34 /* Sources */,
				2489E2D12D4BB97A00BBDB34 /* Frameworks */,
				2489E2D22D4BB97A00BBDB34 /* Resources */,
			);
			buildRules = (
			);
			dependencies = (
			);
			fileSystemSynchronizedGroups = (
				2489E2D62D4BB97A00BBDB34 /* ARLook */,
			);
			name = ARLook;
			packageProductDependencies = (
				CE957A942D7721DC005BC4BD /* CodeScanner */,
				CE957A972D7721EF005BC4BD /* FocusEntity */,
				CE957A9A2D772240005BC4BD /* CombineMoya */,
				CE957A9C2D772240005BC4BD /* Moya */,
				CE957AA42D7723CF005BC4BD /* QRCode */,
				CEBEE8C52D91996E001D820C /* Nuke */,
				CEBEE8C72D91996E001D820C /* NukeUI */,
			);
			productName = ARLook;
			productReference = 2489E2D42D4BB97A00BBDB34 /* ARLook.app */;
			productType = "com.apple.product-type.application";
		};
		CE957A712D771910005BC4BD /* ARLookVision */ = {
			isa = PBXNativeTarget;
			buildConfigurationList = CE957A832D771912005BC4BD /* Build configuration list for PBXNativeTarget "ARLookVision" */;
			buildPhases = (
				CE957A6E2D771910005BC4BD /* Sources */,
				CE957A6F2D771910005BC4BD /* Frameworks */,
				CE957A702D771910005BC4BD /* Resources */,
			);
			buildRules = (
			);
			dependencies = (
			);
			fileSystemSynchronizedGroups = (
				CE957A732D771910005BC4BD /* ARLookVision */,
			);
			name = ARLookVision;
			packageProductDependencies = (
				CE957A8A2D771FBE005BC4BD /* RealityKitContent */,
				CE957A912D7721A9005BC4BD /* RealityKitContent */,
				CE366BD32D78704C0088615E /* CombineMoya */,
				CE366BD52D78704C0088615E /* Moya */,
				CE491D792D796A2300B2ABC7 /* QRCode */,
				CEBEE8C92D919987001D820C /* Nuke */,
				CEBEE8CB2D919987001D820C /* NukeUI */,
			);
			productName = ARLookVision;
			productReference = CE957A722D771910005BC4BD /* ARLookVision.app */;
			productType = "com.apple.product-type.application";
		};
/* End PBXNativeTarget section */

/* Begin PBXProject section */
		2489E2CC2D4BB97A00BBDB34 /* Project object */ = {
			isa = PBXProject;
			attributes = {
				BuildIndependentTargetsInParallel = 1;
				LastSwiftUpdateCheck = 1620;
				LastUpgradeCheck = 1620;
				TargetAttributes = {
					2489E2D32D4BB97A00BBDB34 = {
						CreatedOnToolsVersion = 16.2;
					};
					CE957A712D771910005BC4BD = {
						CreatedOnToolsVersion = 16.2;
					};
				};
			};
			buildConfigurationList = 2489E2CF2D4BB97A00BBDB34 /* Build configuration list for PBXProject "ARLook" */;
			developmentRegion = en;
			hasScannedForEncodings = 0;
			knownRegions = (
				en,
				Base,
				"hy-AM",
			);
			mainGroup = 2489E2CB2D4BB97A00BBDB34;
			minimizedProjectReferenceProxies = 1;
			packageReferences = (
				CE957A902D7721A9005BC4BD /* XCLocalSwiftPackageReference "RealityKitContent" */,
				CE957A932D7721DC005BC4BD /* XCRemoteSwiftPackageReference "CodeScanner" */,
				CE957A962D7721EF005BC4BD /* XCRemoteSwiftPackageReference "FocusEntity" */,
				CE957A992D772240005BC4BD /* XCRemoteSwiftPackageReference "Moya" */,
				CE957AA32D7723CF005BC4BD /* XCRemoteSwiftPackageReference "QRCode" */,
				CEBEE8C42D91996E001D820C /* XCRemoteSwiftPackageReference "Nuke" */,
			);
			preferredProjectObjectVersion = 77;
			productRefGroup = 2489E2D52D4BB97A00BBDB34 /* Products */;
			projectDirPath = "";
			projectRoot = "";
			targets = (
				2489E2D32D4BB97A00BBDB34 /* ARLook */,
				CE957A712D771910005BC4BD /* ARLookVision */,
			);
		};
/* End PBXProject section */

/* Begin PBXResourcesBuildPhase section */
		2489E2D22D4BB97A00BBDB34 /* Resources */ = {
			isa = PBXResourcesBuildPhase;
			buildActionMask = 2147483647;
			files = (
			);
			runOnlyForDeploymentPostprocessing = 0;
		};
		CE957A702D771910005BC4BD /* Resources */ = {
			isa = PBXResourcesBuildPhase;
			buildActionMask = 2147483647;
			files = (
			);
			runOnlyForDeploymentPostprocessing = 0;
		};
/* End PBXResourcesBuildPhase section */

/* Begin PBXSourcesBuildPhase section */
		2489E2D02D4BB97A00BBDB34 /* Sources */ = {
			isa = PBXSourcesBuildPhase;
			buildActionMask = 2147483647;
			files = (
			);
			runOnlyForDeploymentPostprocessing = 0;
		};
		CE957A6E2D771910005BC4BD /* Sources */ = {
			isa = PBXSourcesBuildPhase;
			buildActionMask = 2147483647;
			files = (
			);
			runOnlyForDeploymentPostprocessing = 0;
		};
/* End PBXSourcesBuildPhase section */

/* Begin XCBuildConfiguration section */
		2489E2E02D4BB97C00BBDB34 /* Debug */ = {
			isa = XCBuildConfiguration;
			buildSettings = {
				ALWAYS_SEARCH_USER_PATHS = NO;
				ASSETCATALOG_COMPILER_GENERATE_SWIFT_ASSET_SYMBOL_EXTENSIONS = YES;
				CLANG_ANALYZER_LOCALIZABILITY_NONLOCALIZED = YES;
				CLANG_ANALYZER_NONNULL = YES;
				CLANG_ANALYZER_NUMBER_OBJECT_CONVERSION = YES_AGGRESSIVE;
				CLANG_CXX_LANGUAGE_STANDARD = "gnu++20";
				CLANG_ENABLE_MODULES = YES;
				CLANG_ENABLE_OBJC_ARC = YES;
				CLANG_ENABLE_OBJC_WEAK = YES;
				CLANG_WARN_BLOCK_CAPTURE_AUTORELEASING = YES;
				CLANG_WARN_BOOL_CONVERSION = YES;
				CLANG_WARN_COMMA = YES;
				CLANG_WARN_CONSTANT_CONVERSION = YES;
				CLANG_WARN_DEPRECATED_OBJC_IMPLEMENTATIONS = YES;
				CLANG_WARN_DIRECT_OBJC_ISA_USAGE = YES_ERROR;
				CLANG_WARN_DOCUMENTATION_COMMENTS = YES;
				CLANG_WARN_EMPTY_BODY = YES;
				CLANG_WARN_ENUM_CONVERSION = YES;
				CLANG_WARN_INFINITE_RECURSION = YES;
				CLANG_WARN_INT_CONVERSION = YES;
				CLANG_WARN_NON_LITERAL_NULL_CONVERSION = YES;
				CLANG_WARN_OBJC_IMPLICIT_RETAIN_SELF = YES;
				CLANG_WARN_OBJC_LITERAL_CONVERSION = YES;
				CLANG_WARN_OBJC_ROOT_CLASS = YES_ERROR;
				CLANG_WARN_QUOTED_INCLUDE_IN_FRAMEWORK_HEADER = YES;
				CLANG_WARN_RANGE_LOOP_ANALYSIS = YES;
				CLANG_WARN_STRICT_PROTOTYPES = YES;
				CLANG_WARN_SUSPICIOUS_MOVE = YES;
				CLANG_WARN_UNGUARDED_AVAILABILITY = YES_AGGRESSIVE;
				CLANG_WARN_UNREACHABLE_CODE = YES;
				CLANG_WARN__DUPLICATE_METHOD_MATCH = YES;
				COPY_PHASE_STRIP = NO;
				DEBUG_INFORMATION_FORMAT = dwarf;
				ENABLE_STRICT_OBJC_MSGSEND = YES;
				ENABLE_TESTABILITY = YES;
				ENABLE_USER_SCRIPT_SANDBOXING = YES;
				GCC_C_LANGUAGE_STANDARD = gnu17;
				GCC_DYNAMIC_NO_PIC = NO;
				GCC_NO_COMMON_BLOCKS = YES;
				GCC_OPTIMIZATION_LEVEL = 0;
				GCC_PREPROCESSOR_DEFINITIONS = (
					"DEBUG=1",
					"$(inherited)",
				);
				GCC_WARN_64_TO_32_BIT_CONVERSION = YES;
				GCC_WARN_ABOUT_RETURN_TYPE = YES_ERROR;
				GCC_WARN_UNDECLARED_SELECTOR = YES;
				GCC_WARN_UNINITIALIZED_AUTOS = YES_AGGRESSIVE;
				GCC_WARN_UNUSED_FUNCTION = YES;
				GCC_WARN_UNUSED_VARIABLE = YES;
				IPHONEOS_DEPLOYMENT_TARGET = 18.2;
				LOCALIZATION_PREFERS_STRING_CATALOGS = YES;
				MTL_ENABLE_DEBUG_INFO = INCLUDE_SOURCE;
				MTL_FAST_MATH = YES;
				ONLY_ACTIVE_ARCH = YES;
				SDKROOT = iphoneos;
				SWIFT_ACTIVE_COMPILATION_CONDITIONS = "DEBUG $(inherited)";
				SWIFT_EMIT_LOC_STRINGS = YES;
				SWIFT_OPTIMIZATION_LEVEL = "-Onone";
			};
			name = Debug;
		};
		2489E2E12D4BB97C00BBDB34 /* Release */ = {
			isa = XCBuildConfiguration;
			buildSettings = {
				ALWAYS_SEARCH_USER_PATHS = NO;
				ASSETCATALOG_COMPILER_GENERATE_SWIFT_ASSET_SYMBOL_EXTENSIONS = YES;
				CLANG_ANALYZER_LOCALIZABILITY_NONLOCALIZED = YES;
				CLANG_ANALYZER_NONNULL = YES;
				CLANG_ANALYZER_NUMBER_OBJECT_CONVERSION = YES_AGGRESSIVE;
				CLANG_CXX_LANGUAGE_STANDARD = "gnu++20";
				CLANG_ENABLE_MODULES = YES;
				CLANG_ENABLE_OBJC_ARC = YES;
				CLANG_ENABLE_OBJC_WEAK = YES;
				CLANG_WARN_BLOCK_CAPTURE_AUTORELEASING = YES;
				CLANG_WARN_BOOL_CONVERSION = YES;
				CLANG_WARN_COMMA = YES;
				CLANG_WARN_CONSTANT_CONVERSION = YES;
				CLANG_WARN_DEPRECATED_OBJC_IMPLEMENTATIONS = YES;
				CLANG_WARN_DIRECT_OBJC_ISA_USAGE = YES_ERROR;
				CLANG_WARN_DOCUMENTATION_COMMENTS = YES;
				CLANG_WARN_EMPTY_BODY = YES;
				CLANG_WARN_ENUM_CONVERSION = YES;
				CLANG_WARN_INFINITE_RECURSION = YES;
				CLANG_WARN_INT_CONVERSION = YES;
				CLANG_WARN_NON_LITERAL_NULL_CONVERSION = YES;
				CLANG_WARN_OBJC_IMPLICIT_RETAIN_SELF = YES;
				CLANG_WARN_OBJC_LITERAL_CONVERSION = YES;
				CLANG_WARN_OBJC_ROOT_CLASS = YES_ERROR;
				CLANG_WARN_QUOTED_INCLUDE_IN_FRAMEWORK_HEADER = YES;
				CLANG_WARN_RANGE_LOOP_ANALYSIS = YES;
				CLANG_WARN_STRICT_PROTOTYPES = YES;
				CLANG_WARN_SUSPICIOUS_MOVE = YES;
				CLANG_WARN_UNGUARDED_AVAILABILITY = YES_AGGRESSIVE;
				CLANG_WARN_UNREACHABLE_CODE = YES;
				CLANG_WARN__DUPLICATE_METHOD_MATCH = YES;
				COPY_PHASE_STRIP = NO;
				DEBUG_INFORMATION_FORMAT = "dwarf-with-dsym";
				ENABLE_NS_ASSERTIONS = NO;
				ENABLE_STRICT_OBJC_MSGSEND = YES;
				ENABLE_USER_SCRIPT_SANDBOXING = YES;
				GCC_C_LANGUAGE_STANDARD = gnu17;
				GCC_NO_COMMON_BLOCKS = YES;
				GCC_WARN_64_TO_32_BIT_CONVERSION = YES;
				GCC_WARN_ABOUT_RETURN_TYPE = YES_ERROR;
				GCC_WARN_UNDECLARED_SELECTOR = YES;
				GCC_WARN_UNINITIALIZED_AUTOS = YES_AGGRESSIVE;
				GCC_WARN_UNUSED_FUNCTION = YES;
				GCC_WARN_UNUSED_VARIABLE = YES;
				IPHONEOS_DEPLOYMENT_TARGET = 18.2;
				LOCALIZATION_PREFERS_STRING_CATALOGS = YES;
				MTL_ENABLE_DEBUG_INFO = NO;
				MTL_FAST_MATH = YES;
				SDKROOT = iphoneos;
				SWIFT_COMPILATION_MODE = wholemodule;
				SWIFT_EMIT_LOC_STRINGS = YES;
				VALIDATE_PRODUCT = YES;
			};
			name = Release;
		};
		2489E2E32D4BB97C00BBDB34 /* Debug */ = {
			isa = XCBuildConfiguration;
			buildSettings = {
				ASSETCATALOG_COMPILER_APPICON_NAME = AppIcon;
				ASSETCATALOG_COMPILER_GLOBAL_ACCENT_COLOR_NAME = AccentColor;
				CODE_SIGN_ENTITLEMENTS = ARLook/ARLook.entitlements;
				CODE_SIGN_STYLE = Automatic;
				CURRENT_PROJECT_VERSION = 1;
				DEVELOPMENT_ASSET_PATHS = "\"ARLook/Preview Content\"";
				DEVELOPMENT_TEAM = 75J3TY68PB;
				ENABLE_PREVIEWS = YES;
				GENERATE_INFOPLIST_FILE = YES;
				INFOPLIST_FILE = ARLook/Info.plist;
				INFOPLIST_KEY_NSCameraUsageDescription = "You need your camera for show AR content";
				INFOPLIST_KEY_NSDocumentsFolderUsageDescription = "You need your documents for import usdz files";
				INFOPLIST_KEY_NSPhotoLibraryUsageDescription = "Required to save AR Pictures in Photo Library";
				INFOPLIST_KEY_UIApplicationSceneManifest_Generation = YES;
				INFOPLIST_KEY_UIApplicationSupportsIndirectInputEvents = YES;
				INFOPLIST_KEY_UILaunchScreen_Generation = YES;
				INFOPLIST_KEY_UIRequiredDeviceCapabilities = "arkit lidar-scanner";
				INFOPLIST_KEY_UISupportedInterfaceOrientations = UIInterfaceOrientationPortrait;
				INFOPLIST_KEY_UISupportedInterfaceOrientations_iPad = "UIInterfaceOrientationLandscapeLeft UIInterfaceOrientationLandscapeRight UIInterfaceOrientationPortrait UIInterfaceOrientationPortraitUpsideDown";
				IPHONEOS_DEPLOYMENT_TARGET = 17.0;
				LD_RUNPATH_SEARCH_PATHS = (
					"$(inherited)",
					"@executable_path/Frameworks",
				);
				MARKETING_VERSION = 1.0;
				PRODUCT_BUNDLE_IDENTIFIER = com.nak.ARLook.iOS;
				PRODUCT_NAME = "$(TARGET_NAME)";
				SUPPORTED_PLATFORMS = "iphoneos iphonesimulator";
				SUPPORTS_MACCATALYST = NO;
				SUPPORTS_MAC_DESIGNED_FOR_IPHONE_IPAD = NO;
				SUPPORTS_XR_DESIGNED_FOR_IPHONE_IPAD = NO;
				SWIFT_EMIT_LOC_STRINGS = YES;
				SWIFT_VERSION = 5.0;
				TARGETED_DEVICE_FAMILY = "1,2";
			};
			name = Debug;
		};
		2489E2E42D4BB97C00BBDB34 /* Release */ = {
			isa = XCBuildConfiguration;
			buildSettings = {
				ASSETCATALOG_COMPILER_APPICON_NAME = AppIcon;
				ASSETCATALOG_COMPILER_GLOBAL_ACCENT_COLOR_NAME = AccentColor;
				CODE_SIGN_ENTITLEMENTS = ARLook/ARLook.entitlements;
				CODE_SIGN_STYLE = Automatic;
				CURRENT_PROJECT_VERSION = 1;
				DEVELOPMENT_ASSET_PATHS = "\"ARLook/Preview Content\"";
				DEVELOPMENT_TEAM = 75J3TY68PB;
				ENABLE_PREVIEWS = YES;
				GENERATE_INFOPLIST_FILE = YES;
				INFOPLIST_FILE = ARLook/Info.plist;
				INFOPLIST_KEY_NSCameraUsageDescription = "You need your camera for show AR content";
				INFOPLIST_KEY_NSDocumentsFolderUsageDescription = "You need your documents for import usdz files";
				INFOPLIST_KEY_NSPhotoLibraryUsageDescription = "Required to save AR Pictures in Photo Library";
				INFOPLIST_KEY_UIApplicationSceneManifest_Generation = YES;
				INFOPLIST_KEY_UIApplicationSupportsIndirectInputEvents = YES;
				INFOPLIST_KEY_UILaunchScreen_Generation = YES;
				INFOPLIST_KEY_UIRequiredDeviceCapabilities = "arkit lidar-scanner";
				INFOPLIST_KEY_UISupportedInterfaceOrientations = UIInterfaceOrientationPortrait;
				INFOPLIST_KEY_UISupportedInterfaceOrientations_iPad = "UIInterfaceOrientationLandscapeLeft UIInterfaceOrientationLandscapeRight UIInterfaceOrientationPortrait UIInterfaceOrientationPortraitUpsideDown";
				IPHONEOS_DEPLOYMENT_TARGET = 17.0;
				LD_RUNPATH_SEARCH_PATHS = (
					"$(inherited)",
					"@executable_path/Frameworks",
				);
				MARKETING_VERSION = 1.0;
				PRODUCT_BUNDLE_IDENTIFIER = com.nak.ARLook.iOS;
				PRODUCT_NAME = "$(TARGET_NAME)";
				SUPPORTED_PLATFORMS = "iphoneos iphonesimulator";
				SUPPORTS_MACCATALYST = NO;
				SUPPORTS_MAC_DESIGNED_FOR_IPHONE_IPAD = NO;
				SUPPORTS_XR_DESIGNED_FOR_IPHONE_IPAD = NO;
				SWIFT_EMIT_LOC_STRINGS = YES;
				SWIFT_VERSION = 5.0;
				TARGETED_DEVICE_FAMILY = "1,2";
			};
			name = Release;
		};
		CE957A842D771912005BC4BD /* Debug */ = {
			isa = XCBuildConfiguration;
			buildSettings = {
				ASSETCATALOG_COMPILER_APPICON_NAME = AppIcon;
				ASSETCATALOG_COMPILER_GLOBAL_ACCENT_COLOR_NAME = AccentColor;
				CODE_SIGN_STYLE = Automatic;
				CURRENT_PROJECT_VERSION = 1;
				DEVELOPMENT_ASSET_PATHS = "\"ARLookVision/Preview Content\"";
				DEVELOPMENT_TEAM = 75J3TY68PB;
				ENABLE_PREVIEWS = YES;
				GENERATE_INFOPLIST_FILE = YES;
				INFOPLIST_FILE = "$(TARGET_NAME)/Info.plist";
				INFOPLIST_KEY_NSPhotoLibraryAddUsageDescription = NSPhotoLibraryAddUsageDescription;
				LD_RUNPATH_SEARCH_PATHS = (
					"$(inherited)",
					"@executable_path/Frameworks",
				);
				MARKETING_VERSION = 1.0;
				PRODUCT_BUNDLE_IDENTIFIER = com.nak.ARLook.Vision;
				PRODUCT_NAME = "$(TARGET_NAME)";
				SDKROOT = xros;
				SUPPORTED_PLATFORMS = "xros xrsimulator";
				SWIFT_EMIT_LOC_STRINGS = YES;
				SWIFT_VERSION = 5.0;
				TARGETED_DEVICE_FAMILY = 7;
				XROS_DEPLOYMENT_TARGET = 2.2;
			};
			name = Debug;
		};
		CE957A852D771912005BC4BD /* Release */ = {
			isa = XCBuildConfiguration;
			buildSettings = {
				ASSETCATALOG_COMPILER_APPICON_NAME = AppIcon;
				ASSETCATALOG_COMPILER_GLOBAL_ACCENT_COLOR_NAME = AccentColor;
				CODE_SIGN_STYLE = Automatic;
				CURRENT_PROJECT_VERSION = 1;
				DEVELOPMENT_ASSET_PATHS = "\"ARLookVision/Preview Content\"";
				DEVELOPMENT_TEAM = 75J3TY68PB;
				ENABLE_PREVIEWS = YES;
				GENERATE_INFOPLIST_FILE = YES;
				INFOPLIST_FILE = "$(TARGET_NAME)/Info.plist";
				INFOPLIST_KEY_NSPhotoLibraryAddUsageDescription = NSPhotoLibraryAddUsageDescription;
				LD_RUNPATH_SEARCH_PATHS = (
					"$(inherited)",
					"@executable_path/Frameworks",
				);
				MARKETING_VERSION = 1.0;
				PRODUCT_BUNDLE_IDENTIFIER = com.nak.ARLook.Vision;
				PRODUCT_NAME = "$(TARGET_NAME)";
				SDKROOT = xros;
				SUPPORTED_PLATFORMS = "xros xrsimulator";
				SWIFT_EMIT_LOC_STRINGS = YES;
				SWIFT_VERSION = 5.0;
				TARGETED_DEVICE_FAMILY = 7;
				XROS_DEPLOYMENT_TARGET = 2.2;
			};
			name = Release;
		};
/* End XCBuildConfiguration section */

/* Begin XCConfigurationList section */
		2489E2CF2D4BB97A00BBDB34 /* Build configuration list for PBXProject "ARLook" */ = {
			isa = XCConfigurationList;
			buildConfigurations = (
				2489E2E02D4BB97C00BBDB34 /* Debug */,
				2489E2E12D4BB97C00BBDB34 /* Release */,
			);
			defaultConfigurationIsVisible = 0;
			defaultConfigurationName = Release;
		};
		2489E2E22D4BB97C00BBDB34 /* Build configuration list for PBXNativeTarget "ARLook" */ = {
			isa = XCConfigurationList;
			buildConfigurations = (
				2489E2E32D4BB97C00BBDB34 /* Debug */,
				2489E2E42D4BB97C00BBDB34 /* Release */,
			);
			defaultConfigurationIsVisible = 0;
			defaultConfigurationName = Release;
		};
		CE957A832D771912005BC4BD /* Build configuration list for PBXNativeTarget "ARLookVision" */ = {
			isa = XCConfigurationList;
			buildConfigurations = (
				CE957A842D771912005BC4BD /* Debug */,
				CE957A852D771912005BC4BD /* Release */,
			);
			defaultConfigurationIsVisible = 0;
			defaultConfigurationName = Release;
		};
/* End XCConfigurationList section */

/* Begin XCLocalSwiftPackageReference section */
		CE957A902D7721A9005BC4BD /* XCLocalSwiftPackageReference "RealityKitContent" */ = {
			isa = XCLocalSwiftPackageReference;
			relativePath = RealityKitContent;
		};
/* End XCLocalSwiftPackageReference section */

/* Begin XCRemoteSwiftPackageReference section */
		CE957A932D7721DC005BC4BD /* XCRemoteSwiftPackageReference "CodeScanner" */ = {
			isa = XCRemoteSwiftPackageReference;
			repositoryURL = "https://github.com/twostraws/CodeScanner";
			requirement = {
				kind = upToNextMajorVersion;
				minimumVersion = 2.5.2;
			};
		};
		CE957A962D7721EF005BC4BD /* XCRemoteSwiftPackageReference "FocusEntity" */ = {
			isa = XCRemoteSwiftPackageReference;
			repositoryURL = "https://github.com/maxxfrazer/FocusEntity";
			requirement = {
				kind = upToNextMajorVersion;
				minimumVersion = 2.5.1;
			};
		};
		CE957A992D772240005BC4BD /* XCRemoteSwiftPackageReference "Moya" */ = {
			isa = XCRemoteSwiftPackageReference;
			repositoryURL = "https://github.com/Moya/Moya";
			requirement = {
				kind = upToNextMajorVersion;
				minimumVersion = 15.0.3;
			};
		};
		CE957AA32D7723CF005BC4BD /* XCRemoteSwiftPackageReference "QRCode" */ = {
			isa = XCRemoteSwiftPackageReference;
			repositoryURL = "https://github.com/dagronf/QRCode";
			requirement = {
				kind = upToNextMajorVersion;
				minimumVersion = 26.1.0;
			};
		};
		CEBEE8C42D91996E001D820C /* XCRemoteSwiftPackageReference "Nuke" */ = {
			isa = XCRemoteSwiftPackageReference;
			repositoryURL = "https://github.com/kean/Nuke";
			requirement = {
				kind = upToNextMajorVersion;
				minimumVersion = 12.8.0;
			};
		};
/* End XCRemoteSwiftPackageReference section */

/* Begin XCSwiftPackageProductDependency section */
		CE366BD32D78704C0088615E /* CombineMoya */ = {
			isa = XCSwiftPackageProductDependency;
			package = CE957A992D772240005BC4BD /* XCRemoteSwiftPackageReference "Moya" */;
			productName = CombineMoya;
		};
		CE366BD52D78704C0088615E /* Moya */ = {
			isa = XCSwiftPackageProductDependency;
			package = CE957A992D772240005BC4BD /* XCRemoteSwiftPackageReference "Moya" */;
			productName = Moya;
		};
		CE491D792D796A2300B2ABC7 /* QRCode */ = {
			isa = XCSwiftPackageProductDependency;
			package = CE957AA32D7723CF005BC4BD /* XCRemoteSwiftPackageReference "QRCode" */;
			productName = QRCode;
		};
		CE957A8A2D771FBE005BC4BD /* RealityKitContent */ = {
			isa = XCSwiftPackageProductDependency;
			productName = RealityKitContent;
		};
		CE957A912D7721A9005BC4BD /* RealityKitContent */ = {
			isa = XCSwiftPackageProductDependency;
			productName = RealityKitContent;
		};
		CE957A942D7721DC005BC4BD /* CodeScanner */ = {
			isa = XCSwiftPackageProductDependency;
			package = CE957A932D7721DC005BC4BD /* XCRemoteSwiftPackageReference "CodeScanner" */;
			productName = CodeScanner;
		};
		CE957A972D7721EF005BC4BD /* FocusEntity */ = {
			isa = XCSwiftPackageProductDependency;
			package = CE957A962D7721EF005BC4BD /* XCRemoteSwiftPackageReference "FocusEntity" */;
			productName = FocusEntity;
		};
		CE957A9A2D772240005BC4BD /* CombineMoya */ = {
			isa = XCSwiftPackageProductDependency;
			package = CE957A992D772240005BC4BD /* XCRemoteSwiftPackageReference "Moya" */;
			productName = CombineMoya;
		};
		CE957A9C2D772240005BC4BD /* Moya */ = {
			isa = XCSwiftPackageProductDependency;
			package = CE957A992D772240005BC4BD /* XCRemoteSwiftPackageReference "Moya" */;
			productName = Moya;
		};
		CE957AA42D7723CF005BC4BD /* QRCode */ = {
			isa = XCSwiftPackageProductDependency;
			package = CE957AA32D7723CF005BC4BD /* XCRemoteSwiftPackageReference "QRCode" */;
			productName = QRCode;
		};
		CEBEE8C52D91996E001D820C /* Nuke */ = {
			isa = XCSwiftPackageProductDependency;
			package = CEBEE8C42D91996E001D820C /* XCRemoteSwiftPackageReference "Nuke" */;
			productName = Nuke;
		};
		CEBEE8C72D91996E001D820C /* NukeUI */ = {
			isa = XCSwiftPackageProductDependency;
			package = CEBEE8C42D91996E001D820C /* XCRemoteSwiftPackageReference "Nuke" */;
			productName = NukeUI;
		};
		CEBEE8C92D919987001D820C /* Nuke */ = {
			isa = XCSwiftPackageProductDependency;
			package = CEBEE8C42D91996E001D820C /* XCRemoteSwiftPackageReference "Nuke" */;
			productName = Nuke;
		};
		CEBEE8CB2D919987001D820C /* NukeUI */ = {
			isa = XCSwiftPackageProductDependency;
			package = CEBEE8C42D91996E001D820C /* XCRemoteSwiftPackageReference "Nuke" */;
			productName = NukeUI;
		};
/* End XCSwiftPackageProductDependency section */
	};
	rootObject = 2489E2CC2D4BB97A00BBDB34 /* Project object */;
}
